
Microsoft Visual Studio Solution File, Format Version 12.00
# Visual Studio Version 16
VisualStudioVersion = 16.0.31205.134
MinimumVisualStudioVersion = 10.0.40219.1
Project("{FAE04EC0-301F-11D3-BF4B-00C04F79EFBC}") = "UNACH.Videoclub.WebService", "UNACH.Videoclub.WebService\UNACH.Videoclub.WebService.csproj", "{A16357C2-68B4-432C-AA8F-68D6D846B205}"
EndProject
Global
	GlobalSection(SolutionConfigurationPlatforms) = preSolution
		Debug|Any CPU = Debug|Any CPU
		Release|Any CPU = Release|Any CPU
	EndGlobalSection
	GlobalSection(ProjectConfigurationPlatforms) = postSolution
		{A16357C2-68B4-432C-AA8F-68D6D846B205}.Debug|Any CPU.ActiveCfg = Debug|Any CPU
		{A16357C2-68B4-432C-AA8F-68D6D846B205}.Debug|Any CPU.Build.0 = Debug|Any CPU
		{A16357C2-68B4-432C-AA8F-68D6D846B205}.Release|Any CPU.ActiveCfg = Release|Any CPU
		{A16357C2-68B4-432C-AA8F-68D6D846B205}.Release|Any CPU.Build.0 = Release|Any CPU
	EndGlobalSection
	GlobalSection(SolutionProperties) = preSolution
		HideSolutionNode = FALSE
	EndGlobalSection
	GlobalSection(ExtensibilityGlobals) = postSolution
		SolutionGuid = {24DF6869-3734-4827-994C-38CB576CB2DA}
	EndGlobalSection
EndGlobal
